<?xml version="1.0" encoding="utf-8"?>
<Project ToolsVersion="4.0" xmlns="http://schemas.microsoft.com/developer/msbuild/2003">
  <ItemGroup>
    <Filter Include="Source Files">
      <UniqueIdentifier>{4FC737F1-C7A5-4376-A066-2A32D752A2FF}</UniqueIdentifier>
      <Extensions>cpp;c;cc;cxx;c++;cppm;ixx;def;odl;idl;hpj;bat;asm;asmx</Extensions>
    </Filter>
    <Filter Include="Header Files">
      <UniqueIdentifier>{93995380-89BD-4b04-88EB-625FBE52EBFB}</UniqueIdentifier>
      <Extensions>h;hh;hpp;hxx;h++;hm;inl;inc;ipp;xsd</Extensions>
    </Filter>
    <Filter Include="Resource Files">
      <UniqueIdentifier>{67DA6AB6-F800-4c08-8B7A-83BB121AAD01}</UniqueIdentifier>
      <Extensions>rc;ico;cur;bmp;dlg;rc2;rct;bin;rgs;gif;jpg;jpeg;jpe;resx;tiff;tif;png;wav;mfcribbon-ms</Extensions>
    </Filter>
  </ItemGroup>
  <ItemGroup>
    <ClCompile Include="Source\Source.cpp">
      <Filter>Source Files</Filter>
    </ClCompile>
    <ClCompile Include="Source\Private\Game.cpp">
      <Filter>Source Files</Filter>
    </ClCompile>
    <ClCompile Include="Source\Private\Window\Window.cpp">
      <Filter>Source Files</Filter>
    </ClCompile>
    <ClCompile Include="Source\Private\Graphics\SETexture.cpp">
      <Filter>Source Files</Filter>
    </ClCompile>
    <ClCompile Include="Source\Private\Graphics\SEAnimation.cpp">
      <Filter>Source Files</Filter>
    </ClCompile>
    <ClCompile Include="Source\Private\SEInput.cpp">
      <Filter>Source Files</Filter>
    </ClCompile>
    <ClCompile Include="Source\Private\Graphics\SEAnimStateMachine.cpp">
      <Filter>Source Files</Filter>
    </ClCompile>
    <ClCompile Include="Source\Private\Math\SEVector2.cpp">
      <Filter>Source Files</Filter>
    </ClCompile>
    <ClCompile Include="Source\Private\GameObjects\SEGameObject.cpp">
      <Filter>Source Files</Filter>
    </ClCompile>
    <ClCompile Include="Source\Private\GameObjects\Components\SEComponent.cpp">
      <Filter>Source Files</Filter>
    </ClCompile>
    <ClCompile Include="Source\Private\GameObjects\Components\SETransformComponent.cpp">
      <Filter>Source Files</Filter>
    </ClCompile>
    <ClCompile Include="Source\Private\GameObjects\Characters\SECharacter.cpp">
      <Filter>Source Files</Filter>
    </ClCompile>
    <ClCompile Include="Source\Private\GameObjects\Components\SESpriteComponent.cpp">
      <Filter>Source Files</Filter>
    </ClCompile>
    <ClCompile Include="Source\Private\GameObjects\Components\SEMovementComponent.cpp">
      <Filter>Source Files</Filter>
    </ClCompile>
    <ClCompile Include="Source\Private\GameObjects\Characters\SEPlayer.cpp">
      <Filter>Source Files</Filter>
    </ClCompile>
    <ClCompile Include="Source\Private\GameObjects\Components\SECollisionComponent.cpp">
      <Filter>Source Files</Filter>
    </ClCompile>
    <ClCompile Include="Source\Private\GameObjects\Characters\SEEnemy.cpp">
      <Filter>Source Files</Filter>
    </ClCompile>
    <ClCompile Include="Source\Private\Collisions\SECollisionEngine.cpp">
      <Filter>Source Files</Filter>
    </ClCompile>
    <ClCompile Include="Source\Private\GameStates\SEGameState.cpp">
      <Filter>Source Files</Filter>
    </ClCompile>
    <ClCompile Include="Source\Private\GameStates\SEPlayState.cpp">
      <Filter>Source Files</Filter>
    </ClCompile>
    <ClCompile Include="Source\Private\GameStates\SEGameStateMachine.cpp">
      <Filter>Source Files</Filter>
    </ClCompile>
    <ClCompile Include="Source\Private\Window\SEWindowMenu.cpp">
      <Filter>Source Files</Filter>
    </ClCompile>
    <ClCompile Include="Source\Private\Graphics\SEText.cpp">
      <Filter>Source Files</Filter>
    </ClCompile>
    <ClCompile Include="Source\Private\GameObjects\SETextObject.cpp">
      <Filter>Source Files</Filter>
    </ClCompile>
    <ClCompile Include="Source\Private\GameStates\SEMainMenuState.cpp">
      <Filter>Source Files</Filter>
    </ClCompile>
    <ClCompile Include="Source\Private\SEAudioPlayer.cpp">
      <Filter>Source Files</Filter>
    </ClCompile>
    <ClCompile Include="Source\Private\GameObjects\Projectiles\SEProjectile.cpp">
      <Filter>Source Files</Filter>
    </ClCompile>
    <ClCompile Include="Source\Private\GameObjects\Projectiles\SEPlayerProjectile.cpp">
      <Filter>Source Files</Filter>
    </ClCompile>
    <ClCompile Include="Source\Private\GameObjects\Characters\SEEnemyShooter.cpp">
      <Filter>Source Files</Filter>
    </ClCompile>
    <ClCompile Include="Source\Private\GameObjects\Projectiles\SEEnemyProjectileSmall.cpp">
      <Filter>Source Files</Filter>
    </ClCompile>
    <ClCompile Include="Source\Private\GameObjects\Characters\SEEnemyBattlecruiser.cpp">
      <Filter>Source Files</Filter>
    </ClCompile>
    <ClCompile Include="Source\Private\GameObjects\Projectiles\SEEnemyProjectileMedium.cpp">
      <Filter>Source Files</Filter>
    </ClCompile>
    <ClCompile Include="Source\Private\GameObjects\Characters\SEEnemyDreadnought.cpp">
      <Filter>Source Files</Filter>
    </ClCompile>
    <ClCompile Include="Source\Private\GameObjects\Projectiles\SEEnemyProjectileRay.cpp">
      <Filter>Source Files</Filter>
    </ClCompile>
    <ClCompile Include="Source\Private\GameStates\SESplashScreen.cpp">
      <Filter>Source Files</Filter>
    </ClCompile>
  </ItemGroup>
  <ItemGroup>
    <ClInclude Include="Source\PreCompiled\CoreMinimal.h">
      <Filter>Header Files</Filter>
    </ClInclude>
    <ClInclude Include="Source\Public\Game.h">
      <Filter>Header Files</Filter>
    </ClInclude>
    <ClInclude Include="Source\Public\Window\Window.h">
      <Filter>Header Files</Filter>
    </ClInclude>
    <ClInclude Include="Source\Public\Graphics\SETexture.h">
      <Filter>Header Files</Filter>
    </ClInclude>
    <ClInclude Include="Source\Public\Graphics\SEAnimation.h">
      <Filter>Header Files</Filter>
    </ClInclude>
    <ClInclude Include="Source\Public\SEInput.h">
      <Filter>Header Files</Filter>
    </ClInclude>
    <ClInclude Include="Source\Public\Graphics\SEAnimStateMachine.h">
      <Filter>Header Files</Filter>
    </ClInclude>
    <ClInclude Include="Source\Public\Math\SEVector2.h">
      <Filter>Header Files</Filter>
    </ClInclude>
    <ClInclude Include="Source\Public\GameObjects\SEGameObject.h">
      <Filter>Header Files</Filter>
    </ClInclude>
    <ClInclude Include="Source\Public\GameObjects\Components\SEComponent.h">
      <Filter>Header Files</Filter>
    </ClInclude>
    <ClInclude Include="Source\Public\GameObjects\Components\SETransformComponent.h">
      <Filter>Header Files</Filter>
    </ClInclude>
    <ClInclude Include="Source\Public\GameObjects\Characters\SECharacter.h">
      <Filter>Header Files</Filter>
    </ClInclude>
    <ClInclude Include="Source\Public\GameObjects\Components\SESpriteComponent.h">
      <Filter>Header Files</Filter>
    </ClInclude>
    <ClInclude Include="Source\Public\GameObjects\Components\SEMovementComponent.h">
      <Filter>Header Files</Filter>
    </ClInclude>
    <ClInclude Include="Source\Public\GameObjects\Characters\SEPlayer.h">
      <Filter>Header Files</Filter>
    </ClInclude>
    <ClInclude Include="Source\Public\GameObjects\Components\SECollisionComponent.h">
      <Filter>Header Files</Filter>
    </ClInclude>
    <ClInclude Include="Source\Public\GameObjects\Characters\SEEnemy.h">
      <Filter>Header Files</Filter>
    </ClInclude>
    <ClInclude Include="Source\Public\Collisions\SEBounds.h">
      <Filter>Header Files</Filter>
    </ClInclude>
    <ClInclude Include="Source\Public\Collisions\SECollision.h">
      <Filter>Header Files</Filter>
    </ClInclude>
    <ClInclude Include="Source\Public\Collisions\SECollisionEngine.h">
      <Filter>Header Files</Filter>
    </ClInclude>
    <ClInclude Include="Source\Public\GameStates\SEGameState.h">
      <Filter>Header Files</Filter>
    </ClInclude>
    <ClInclude Include="Source\Public\GameStates\SEPlayState.h">
      <Filter>Header Files</Filter>
    </ClInclude>
    <ClInclude Include="Source\Public\GameStates\SEGameStateMachine.h">
      <Filter>Header Files</Filter>
    </ClInclude>
    <ClInclude Include="resource.h">
      <Filter>Header Files</Filter>
    </ClInclude>
    <ClInclude Include="Source\Public\Window\SEWindowMenu.h">
      <Filter>Header Files</Filter>
    </ClInclude>
    <ClInclude Include="Source\Public\Graphics\SEText.h">
      <Filter>Header Files</Filter>
    </ClInclude>
    <ClInclude Include="Source\Public\GameObjects\SETextObject.h">
      <Filter>Header Files</Filter>
    </ClInclude>
    <ClInclude Include="Source\Public\GameStates\SEMainMenuState.h">
      <Filter>Header Files</Filter>
    </ClInclude>
    <ClInclude Include="Source\Public\SEAudioPlayer.h">
      <Filter>Header Files</Filter>
    </ClInclude>
    <ClInclude Include="Source\Public\GameObjects\Projectiles\SEProjectile.h">
      <Filter>Header Files</Filter>
    </ClInclude>
    <ClInclude Include="Source\Public\GameObjects\Projectiles\SEPlayerProjectile.h">
      <Filter>Header Files</Filter>
    </ClInclude>
    <ClInclude Include="Source\Public\GameObjects\Characters\SEEnemyShooter.h">
      <Filter>Header Files</Filter>
    </ClInclude>
    <ClInclude Include="Source\Public\GameObjects\Projectiles\SEEnemyProjectileSmall.h">
      <Filter>Header Files</Filter>
    </ClInclude>
    <ClInclude Include="Source\Public\GameObjects\Characters\SEEnemyBattlecruiser.h">
      <Filter>Header Files</Filter>
    </ClInclude>
    <ClInclude Include="Source\Public\GameObjects\Projectiles\SEEnemyProjectileMedium.h">
      <Filter>Header Files</Filter>
    </ClInclude>
    <ClInclude Include="Source\Public\GameObjects\Characters\SEEnemyDreadnought.h">
      <Filter>Header Files</Filter>
    </ClInclude>
    <ClInclude Include="Source\Public\GameObjects\Projectiles\SEEnemyProjectileRay.h">
      <Filter>Header Files</Filter>
    </ClInclude>
    <ClInclude Include="Source\Public\GameStates\SESplashScreen.h">
      <Filter>Header Files</Filter>
    </ClInclude>
  </ItemGroup>
  <ItemGroup>
    <ResourceCompile Include="WindowMenu.rc">
      <Filter>Resource Files</Filter>
    </ResourceCompile>
  </ItemGroup>
</Project>